// !$*UTF8*$!
{
	archiveVersion = 1;
	classes = {
	};
	objectVersion = 46;
	objects = {

/* Begin PBXBuildFile section */
		A06FB6E21CDC484B00B01254 /* GetPhotoViewController.m in Sources */ = {isa = PBXBuildFile; fileRef = A06FB6E01CDC484B00B01254 /* GetPhotoViewController.m */; };
		A06FB6E31CDC484B00B01254 /* GetPhotoViewController.xib in Resources */ = {isa = PBXBuildFile; fileRef = A06FB6E11CDC484B00B01254 /* GetPhotoViewController.xib */; };
		A06FB6E71CDC7CEA00B01254 /* MultiPickerViewController.m in Sources */ = {isa = PBXBuildFile; fileRef = A06FB6E51CDC7CEA00B01254 /* MultiPickerViewController.m */; };
		A06FB6E81CDC7CEA00B01254 /* MultiPickerViewController.xib in Resources */ = {isa = PBXBuildFile; fileRef = A06FB6E61CDC7CEA00B01254 /* MultiPickerViewController.xib */; };
		A0C5435F1CD9C3C900445744 /* main.m in Sources */ = {isa = PBXBuildFile; fileRef = A0C5435E1CD9C3C900445744 /* main.m */; };
		A0C543621CD9C3C900445744 /* AppDelegate.m in Sources */ = {isa = PBXBuildFile; fileRef = A0C543611CD9C3C900445744 /* AppDelegate.m */; };
		A0C543651CD9C3C900445744 /* ViewController.m in Sources */ = {isa = PBXBuildFile; fileRef = A0C543641CD9C3C900445744 /* ViewController.m */; };
		A0C543681CD9C3C900445744 /* Main.storyboard in Resources */ = {isa = PBXBuildFile; fileRef = A0C543661CD9C3C900445744 /* Main.storyboard */; };
		A0C5436A1CD9C3C900445744 /* Assets.xcassets in Resources */ = {isa = PBXBuildFile; fileRef = A0C543691CD9C3C900445744 /* Assets.xcassets */; };
		A0C5436D1CD9C3C900445744 /* LaunchScreen.storyboard in Resources */ = {isa = PBXBuildFile; fileRef = A0C5436B1CD9C3C900445744 /* LaunchScreen.storyboard */; };
		A0C543781CD9C3C900445744 /* __________Tests.m in Sources */ = {isa = PBXBuildFile; fileRef = A0C543771CD9C3C900445744 /* __________Tests.m */; };
		A0C543831CD9C3C900445744 /* __________UITests.m in Sources */ = {isa = PBXBuildFile; fileRef = A0C543821CD9C3C900445744 /* __________UITests.m */; };
		A287DF55F07C932980F67874 /* libPods.a in Frameworks */ = {isa = PBXBuildFile; fileRef = D5E91053F20A009B33802922 /* libPods.a */; };
/* End PBXBuildFile section */

/* Begin PBXContainerItemProxy section */
		A0C543741CD9C3C900445744 /* PBXContainerItemProxy */ = {
			isa = PBXContainerItemProxy;
			containerPortal = A0C543521CD9C3C900445744 /* Project object */;
			proxyType = 1;
			remoteGlobalIDString = A0C543591CD9C3C900445744;
			remoteInfo = "多图片选择框架的使用";
		};
		A0C5437F1CD9C3C900445744 /* PBXContainerItemProxy */ = {
			isa = PBXContainerItemProxy;
			containerPortal = A0C543521CD9C3C900445744 /* Project object */;
			proxyType = 1;
			remoteGlobalIDString = A0C543591CD9C3C900445744;
			remoteInfo = "多图片选择框架的使用";
		};
/* End PBXContainerItemProxy section */

/* Begin PBXFileReference section */
		12EB198ACDDA7C5E4A90EE05 /* Pods.release.xcconfig */ = {isa = PBXFileReference; includeInIndex = 1; lastKnownFileType = text.xcconfig; name = Pods.release.xcconfig; path = "Pods/Target Support Files/Pods/Pods.release.xcconfig"; sourceTree = "<group>"; };
		69EE40F8B5F9301B217E7759 /* Pods.debug.xcconfig */ = {isa = PBXFileReference; includeInIndex = 1; lastKnownFileType = text.xcconfig; name = Pods.debug.xcconfig; path = "Pods/Target Support Files/Pods/Pods.debug.xcconfig"; sourceTree = "<group>"; };
		A06FB6DF1CDC484B00B01254 /* GetPhotoViewController.h */ = {isa = PBXFileReference; fileEncoding = 4; lastKnownFileType = sourcecode.c.h; path = GetPhotoViewController.h; sourceTree = "<group>"; };
		A06FB6E01CDC484B00B01254 /* GetPhotoViewController.m */ = {isa = PBXFileReference; fileEncoding = 4; lastKnownFileType = sourcecode.c.objc; path = GetPhotoViewController.m; sourceTree = "<group>"; };
		A06FB6E11CDC484B00B01254 /* GetPhotoViewController.xib */ = {isa = PBXFileReference; fileEncoding = 4; lastKnownFileType = file.xib; path = GetPhotoViewController.xib; sourceTree = "<group>"; };
		A06FB6E41CDC7CEA00B01254 /* MultiPickerViewController.h */ = {isa = PBXFileReference; fileEncoding = 4; lastKnownFileType = sourcecode.c.h; path = MultiPickerViewController.h; sourceTree = "<group>"; };
		A06FB6E51CDC7CEA00B01254 /* MultiPickerViewController.m */ = {isa = PBXFileReference; fileEncoding = 4; lastKnownFileType = sourcecode.c.objc; path = MultiPickerViewController.m; sourceTree = "<group>"; };
		A06FB6E61CDC7CEA00B01254 /* MultiPickerViewController.xib */ = {isa = PBXFileReference; fileEncoding = 4; lastKnownFileType = file.xib; path = MultiPickerViewController.xib; sourceTree = "<group>"; };
		A0C5435A1CD9C3C900445744 /* 多图片选择框架的使用.app */ = {isa = PBXFileReference; explicitFileType = wrapper.application; includeInIndex = 0; path = "多图片选择框架的使用.app"; sourceTree = BUILT_PRODUCTS_DIR; };
		A0C5435E1CD9C3C900445744 /* main.m */ = {isa = PBXFileReference; lastKnownFileType = sourcecode.c.objc; path = main.m; sourceTree = "<group>"; };
		A0C543601CD9C3C900445744 /* AppDelegate.h */ = {isa = PBXFileReference; lastKnownFileType = sourcecode.c.h; path = AppDelegate.h; sourceTree = "<group>"; };
		A0C543611CD9C3C900445744 /* AppDelegate.m */ = {isa = PBXFileReference; lastKnownFileType = sourcecode.c.objc; path = AppDelegate.m; sourceTree = "<group>"; };
		A0C543631CD9C3C900445744 /* ViewController.h */ = {isa = PBXFileReference; lastKnownFileType = sourcecode.c.h; path = ViewController.h; sourceTree = "<group>"; };
		A0C543641CD9C3C900445744 /* ViewController.m */ = {isa = PBXFileReference; lastKnownFileType = sourcecode.c.objc; path = ViewController.m; sourceTree = "<group>"; };
		A0C543671CD9C3C900445744 /* Base */ = {isa = PBXFileReference; lastKnownFileType = file.storyboard; name = Base; path = Base.lproj/Main.storyboard; sourceTree = "<group>"; };
		A0C543691CD9C3C900445744 /* Assets.xcassets */ = {isa = PBXFileReference; lastKnownFileType = folder.assetcatalog; path = Assets.xcassets; sourceTree = "<group>"; };
		A0C5436C1CD9C3C900445744 /* Base */ = {isa = PBXFileReference; lastKnownFileType = file.storyboard; name = Base; path = Base.lproj/LaunchScreen.storyboard; sourceTree = "<group>"; };
		A0C5436E1CD9C3C900445744 /* Info.plist */ = {isa = PBXFileReference; lastKnownFileType = text.plist.xml; path = Info.plist; sourceTree = "<group>"; };
		A0C543731CD9C3C900445744 /* 多图片选择框架的使用Tests.xctest */ = {isa = PBXFileReference; explicitFileType = wrapper.cfbundle; includeInIndex = 0; path = "多图片选择框架的使用Tests.xctest"; sourceTree = BUILT_PRODUCTS_DIR; };
		A0C543771CD9C3C900445744 /* __________Tests.m */ = {isa = PBXFileReference; lastKnownFileType = sourcecode.c.objc; path = "__________Tests.m"; sourceTree = "<group>"; };
		A0C543791CD9C3C900445744 /* Info.plist */ = {isa = PBXFileReference; lastKnownFileType = text.plist.xml; path = Info.plist; sourceTree = "<group>"; };
		A0C5437E1CD9C3C900445744 /* 多图片选择框架的使用UITests.xctest */ = {isa = PBXFileReference; explicitFileType = wrapper.cfbundle; includeInIndex = 0; path = "多图片选择框架的使用UITests.xctest"; sourceTree = BUILT_PRODUCTS_DIR; };
		A0C543821CD9C3C900445744 /* __________UITests.m */ = {isa = PBXFileReference; lastKnownFileType = sourcecode.c.objc; path = "__________UITests.m"; sourceTree = "<group>"; };
		A0C543841CD9C3C900445744 /* Info.plist */ = {isa = PBXFileReference; lastKnownFileType = text.plist.xml; path = Info.plist; sourceTree = "<group>"; };
		D5E91053F20A009B33802922 /* libPods.a */ = {isa = PBXFileReference; explicitFileType = archive.ar; includeInIndex = 0; path = libPods.a; sourceTree = BUILT_PRODUCTS_DIR; };
/* End PBXFileReference section */

/* Begin PBXFrameworksBuildPhase section */
		A0C543571CD9C3C900445744 /* Frameworks */ = {
			isa = PBXFrameworksBuildPhase;
			buildActionMask = 2147483647;
			files = (
				A287DF55F07C932980F67874 /* libPods.a in Frameworks */,
			);
			runOnlyForDeploymentPostprocessing = 0;
		};
		A0C543701CD9C3C900445744 /* Frameworks */ = {
			isa = PBXFrameworksBuildPhase;
			buildActionMask = 2147483647;
			files = (
			);
			runOnlyForDeploymentPostprocessing = 0;
		};
		A0C5437B1CD9C3C900445744 /* Frameworks */ = {
			isa = PBXFrameworksBuildPhase;
			buildActionMask = 2147483647;
			files = (
			);
			runOnlyForDeploymentPostprocessing = 0;
		};
/* End PBXFrameworksBuildPhase section */

/* Begin PBXGroup section */
		A0C543511CD9C3C900445744 = {
			isa = PBXGroup;
			children = (
				A0C5435C1CD9C3C900445744 /* 多图片选择框架的使用 */,
				A0C543761CD9C3C900445744 /* 多图片选择框架的使用Tests */,
				A0C543811CD9C3C900445744 /* 多图片选择框架的使用UITests */,
				A0C5435B1CD9C3C900445744 /* Products */,
				FBE8053FF1748F793E7EA08C /* Pods */,
				EDC64D9E4F8119BB4BB71292 /* Frameworks */,
			);
			sourceTree = "<group>";
		};
		A0C5435B1CD9C3C900445744 /* Products */ = {
			isa = PBXGroup;
			children = (
				A0C5435A1CD9C3C900445744 /* 多图片选择框架的使用.app */,
				A0C543731CD9C3C900445744 /* 多图片选择框架的使用Tests.xctest */,
				A0C5437E1CD9C3C900445744 /* 多图片选择框架的使用UITests.xctest */,
			);
			name = Products;
			sourceTree = "<group>";
		};
		A0C5435C1CD9C3C900445744 /* 多图片选择框架的使用 */ = {
			isa = PBXGroup;
			children = (
				A0C543601CD9C3C900445744 /* AppDelegate.h */,
				A0C543611CD9C3C900445744 /* AppDelegate.m */,
				A0C543631CD9C3C900445744 /* ViewController.h */,
				A0C543641CD9C3C900445744 /* ViewController.m */,
				A0C543661CD9C3C900445744 /* Main.storyboard */,
				A06FB6DF1CDC484B00B01254 /* GetPhotoViewController.h */,
				A06FB6E01CDC484B00B01254 /* GetPhotoViewController.m */,
				A06FB6E11CDC484B00B01254 /* GetPhotoViewController.xib */,
				A06FB6E41CDC7CEA00B01254 /* MultiPickerViewController.h */,
				A06FB6E51CDC7CEA00B01254 /* MultiPickerViewController.m */,
				A06FB6E61CDC7CEA00B01254 /* MultiPickerViewController.xib */,
				A0C543691CD9C3C900445744 /* Assets.xcassets */,
				A0C5436B1CD9C3C900445744 /* LaunchScreen.storyboard */,
				A0C5436E1CD9C3C900445744 /* Info.plist */,
				A0C5435D1CD9C3C900445744 /* Supporting Files */,
			);
			path = "多图片选择框架的使用";
			sourceTree = "<group>";
		};
		A0C5435D1CD9C3C900445744 /* Supporting Files */ = {
			isa = PBXGroup;
			children = (
				A0C5435E1CD9C3C900445744 /* main.m */,
			);
			name = "Supporting Files";
			sourceTree = "<group>";
		};
		A0C543761CD9C3C900445744 /* 多图片选择框架的使用Tests */ = {
			isa = PBXGroup;
			children = (
				A0C543771CD9C3C900445744 /* __________Tests.m */,
				A0C543791CD9C3C900445744 /* Info.plist */,
			);
			path = "多图片选择框架的使用Tests";
			sourceTree = "<group>";
		};
		A0C543811CD9C3C900445744 /* 多图片选择框架的使用UITests */ = {
			isa = PBXGroup;
			children = (
				A0C543821CD9C3C900445744 /* __________UITests.m */,
				A0C543841CD9C3C900445744 /* Info.plist */,
			);
			path = "多图片选择框架的使用UITests";
			sourceTree = "<group>";
		};
		EDC64D9E4F8119BB4BB71292 /* Frameworks */ = {
			isa = PBXGroup;
			children = (
				D5E91053F20A009B33802922 /* libPods.a */,
			);
			name = Frameworks;
			sourceTree = "<group>";
		};
		FBE8053FF1748F793E7EA08C /* Pods */ = {
			isa = PBXGroup;
			children = (
				69EE40F8B5F9301B217E7759 /* Pods.debug.xcconfig */,
				12EB198ACDDA7C5E4A90EE05 /* Pods.release.xcconfig */,
			);
			name = Pods;
			sourceTree = "<group>";
		};
/* End PBXGroup section */

/* Begin PBXNativeTarget section */
		A0C543591CD9C3C900445744 /* 多图片选择框架的使用 */ = {
			isa = PBXNativeTarget;
			buildConfigurationList = A0C543871CD9C3C900445744 /* Build configuration list for PBXNativeTarget "多图片选择框架的使用" */;
			buildPhases = (
				A7783A7F43F4F1D03A2238C0 /* Check Pods Manifest.lock */,
				A0C543561CD9C3C900445744 /* Sources */,
				A0C543571CD9C3C900445744 /* Frameworks */,
				A0C543581CD9C3C900445744 /* Resources */,
				404EE4E6A89F6E5D3CB0DA65 /* Embed Pods Frameworks */,
				F9D4A709C229F2A8831F2D52 /* Copy Pods Resources */,
			);
			buildRules = (
			);
			dependencies = (
			);
			name = "多图片选择框架的使用";
			productName = "多图片选择框架的使用";
			productReference = A0C5435A1CD9C3C900445744 /* 多图片选择框架的使用.app */;
			productType = "com.apple.product-type.application";
		};
		A0C543721CD9C3C900445744 /* 多图片选择框架的使用Tests */ = {
			isa = PBXNativeTarget;
			buildConfigurationList = A0C5438A1CD9C3C900445744 /* Build configuration list for PBXNativeTarget "多图片选择框架的使用Tests" */;
			buildPhases = (
				A0C5436F1CD9C3C900445744 /* Sources */,
				A0C543701CD9C3C900445744 /* Frameworks */,
				A0C543711CD9C3C900445744 /* Resources */,
			);
			buildRules = (
			);
			dependencies = (
				A0C543751CD9C3C900445744 /* PBXTargetDependency */,
			);
			name = "多图片选择框架的使用Tests";
			productName = "多图片选择框架的使用Tests";
			productReference = A0C543731CD9C3C900445744 /* 多图片选择框架的使用Tests.xctest */;
			productType = "com.apple.product-type.bundle.unit-test";
		};
		A0C5437D1CD9C3C900445744 /* 多图片选择框架的使用UITests */ = {
			isa = PBXNativeTarget;
			buildConfigurationList = A0C5438D1CD9C3C900445744 /* Build configuration list for PBXNativeTarget "多图片选择框架的使用UITests" */;
			buildPhases = (
				A0C5437A1CD9C3C900445744 /* Sources */,
				A0C5437B1CD9C3C900445744 /* Frameworks */,
				A0C5437C1CD9C3C900445744 /* Resources */,
			);
			buildRules = (
			);
			dependencies = (
				A0C543801CD9C3C900445744 /* PBXTargetDependency */,
			);
			name = "多图片选择框架的使用UITests";
			productName = "多图片选择框架的使用UITests";
			productReference = A0C5437E1CD9C3C900445744 /* 多图片选择框架的使用UITests.xctest */;
			productType = "com.apple.product-type.bundle.ui-testing";
		};
/* End PBXNativeTarget section */

/* Begin PBXProject section */
		A0C543521CD9C3C900445744 /* Project object */ = {
			isa = PBXProject;
			attributes = {
				LastUpgradeCheck = 0720;
				ORGANIZATIONNAME = IFengXY;
				TargetAttributes = {
					A0C543591CD9C3C900445744 = {
						CreatedOnToolsVersion = 7.2.1;
					};
					A0C543721CD9C3C900445744 = {
						CreatedOnToolsVersion = 7.2.1;
						TestTargetID = A0C543591CD9C3C900445744;
					};
					A0C5437D1CD9C3C900445744 = {
						CreatedOnToolsVersion = 7.2.1;
						TestTargetID = A0C543591CD9C3C900445744;
					};
				};
			};
			buildConfigurationList = A0C543551CD9C3C900445744 /* Build configuration list for PBXProject "多图片选择框架的使用" */;
			compatibilityVersion = "Xcode 3.2";
			developmentRegion = English;
			hasScannedForEncodings = 0;
			knownRegions = (
				en,
				Base,
				ar,
				da,
				de,
				"es-MX",
				es,
				fi,
				fr,
				he,
				"hi-IN",
				hu,
				id,
				it,
				ja,
				ko,
				"nl-NL",
				nl,
				"pt-PT",
				pt,
				ru,
				sv,
				tr,
				"zh-Hans",
				"zh-Hant",
			);
			mainGroup = A0C543511CD9C3C900445744;
			productRefGroup = A0C5435B1CD9C3C900445744 /* Products */;
			projectDirPath = "";
			projectRoot = "";
			targets = (
				A0C543591CD9C3C900445744 /* 多图片选择框架的使用 */,
				A0C543721CD9C3C900445744 /* 多图片选择框架的使用Tests */,
				A0C5437D1CD9C3C900445744 /* 多图片选择框架的使用UITests */,
			);
		};
/* End PBXProject section */

/* Begin PBXResourcesBuildPhase section */
		A0C543581CD9C3C900445744 /* Resources */ = {
			isa = PBXResourcesBuildPhase;
			buildActionMask = 2147483647;
			files = (
				A0C5436D1CD9C3C900445744 /* LaunchScreen.storyboard in Resources */,
				A0C5436A1CD9C3C900445744 /* Assets.xcassets in Resources */,
				A06FB6E31CDC484B00B01254 /* GetPhotoViewController.xib in Resources */,
				A06FB6E81CDC7CEA00B01254 /* MultiPickerViewController.xib in Resources */,
				A0C543681CD9C3C900445744 /* Main.storyboard in Resources */,
			);
			runOnlyForDeploymentPostprocessing = 0;
		};
		A0C543711CD9C3C900445744 /* Resources */ = {
			isa = PBXResourcesBuildPhase;
			buildActionMask = 2147483647;
			files = (
			);
			runOnlyForDeploymentPostprocessing = 0;
		};
		A0C5437C1CD9C3C900445744 /* Resources */ = {
			isa = PBXResourcesBuildPhase;
			buildActionMask = 2147483647;
			files = (
			);
			runOnlyForDeploymentPostprocessing = 0;
		};
/* End PBXResourcesBuildPhase section */

/* Begin PBXShellScriptBuildPhase section */
		404EE4E6A89F6E5D3CB0DA65 /* Embed Pods Frameworks */ = {
			isa = PBXShellScriptBuildPhase;
			buildActionMask = 2147483647;
			files = (
			);
			inputPaths = (
			);
			name = "Embed Pods Frameworks";
			outputPaths = (
			);
			runOnlyForDeploymentPostprocessing = 0;
			shellPath = /bin/sh;
			shellScript = "\"${SRCROOT}/Pods/Target Support Files/Pods/Pods-frameworks.sh\"\n";
			showEnvVarsInLog = 0;
		};
		A7783A7F43F4F1D03A2238C0 /* Check Pods Manifest.lock */ = {
			isa = PBXShellScriptBuildPhase;
			buildActionMask = 2147483647;
			files = (
			);
			inputPaths = (
			);
			name = "Check Pods Manifest.lock";
			outputPaths = (
			);
			runOnlyForDeploymentPostprocessing = 0;
			shellPath = /bin/sh;
			shellScript = "diff \"${PODS_ROOT}/../Podfile.lock\" \"${PODS_ROOT}/Manifest.lock\" > /dev/null\nif [[ $? != 0 ]] ; then\n    cat << EOM\nerror: The sandbox is not in sync with the Podfile.lock. Run 'pod install' or update your CocoaPods installation.\nEOM\n    exit 1\nfi\n";
			showEnvVarsInLog = 0;
		};
		F9D4A709C229F2A8831F2D52 /* Copy Pods Resources */ = {
			isa = PBXShellScriptBuildPhase;
			buildActionMask = 2147483647;
			files = (
			);
			inputPaths = (
			);
			name = "Copy Pods Resources";
			outputPaths = (
			);
			runOnlyForDeploymentPostprocessing = 0;
			shellPath = /bin/sh;
			shellScript = "\"${SRCROOT}/Pods/Target Support Files/Pods/Pods-resources.sh\"\n";
			showEnvVarsInLog = 0;
		};
/* End PBXShellScriptBuildPhase section */

/* Begin PBXSourcesBuildPhase section */
		A0C543561CD9C3C900445744 /* Sources */ = {
			isa = PBXSourcesBuildPhase;
			buildActionMask = 2147483647;
			files = (
				A0C543651CD9C3C900445744 /* ViewController.m in Sources */,
				A06FB6E21CDC484B00B01254 /* GetPhotoViewController.m in Sources */,
				A0C543621CD9C3C900445744 /* AppDelegate.m in Sources */,
				A0C5435F1CD9C3C900445744 /* main.m in Sources */,
				A06FB6E71CDC7CEA00B01254 /* MultiPickerViewController.m in Sources */,
			);
			runOnlyForDeploymentPostprocessing = 0;
		};
		A0C5436F1CD9C3C900445744 /* Sources */ = {
			isa = PBXSourcesBuildPhase;
			buildActionMask = 2147483647;
			files = (
				A0C543781CD9C3C900445744 /* __________Tests.m in Sources */,
			);
			runOnlyForDeploymentPostprocessing = 0;
		};
		A0C5437A1CD9C3C900445744 /* Sources */ = {
			isa = PBXSourcesBuildPhase;
			buildActionMask = 2147483647;
			files = (
				A0C543831CD9C3C900445744 /* __________UITests.m in Sources */,
			);
			runOnlyForDeploymentPostprocessing = 0;
		};
/* End PBXSourcesBuildPhase section */

/* Begin PBXTargetDependency section */
		A0C543751CD9C3C900445744 /* PBXTargetDependency */ = {
			isa = PBXTargetDependency;
			target = A0C543591CD9C3C900445744 /* 多图片选择框架的使用 */;
			targetProxy = A0C543741CD9C3C900445744 /* PBXContainerItemProxy */;
		};
		A0C543801CD9C3C900445744 /* PBXTargetDependency */ = {
			isa = PBXTargetDependency;
			target = A0C543591CD9C3C900445744 /* 多图片选择框架的使用 */;
			targetProxy = A0C5437F1CD9C3C900445744 /* PBXContainerItemProxy */;
		};
/* End PBXTargetDependency section */

/* Begin PBXVariantGroup section */
		A0C543661CD9C3C900445744 /* Main.storyboard */ = {
			isa = PBXVariantGroup;
			children = (
				A0C543671CD9C3C900445744 /* Base */,
			);
			name = Main.storyboard;
			sourceTree = "<group>";
		};
		A0C5436B1CD9C3C900445744 /* LaunchScreen.storyboard */ = {
			isa = PBXVariantGroup;
			children = (
				A0C5436C1CD9C3C900445744 /* Base */,
			);
			name = LaunchScreen.storyboard;
			sourceTree = "<group>";
		};
/* End PBXVariantGroup section */

/* Begin XCBuildConfiguration section */
		A0C543851CD9C3C900445744 /* Debug */ = {
			isa = XCBuildConfiguration;
			buildSettings = {
				ALWAYS_SEARCH_USER_PATHS = NO;
				CLANG_CXX_LANGUAGE_STANDARD = "gnu++0x";
				CLANG_CXX_LIBRARY = "libc++";
				CLANG_ENABLE_MODULES = YES;
				CLANG_ENABLE_OBJC_ARC = YES;
				CLANG_WARN_BOOL_CONVERSION = YES;
				CLANG_WARN_CONSTANT_CONVERSION = YES;
				CLANG_WARN_DIRECT_OBJC_ISA_USAGE = YES_ERROR;
				CLANG_WARN_EMPTY_BODY = YES;
				CLANG_WARN_ENUM_CONVERSION = YES;
				CLANG_WARN_INT_CONVERSION = YES;
				CLANG_WARN_OBJC_ROOT_CLASS = YES_ERROR;
				CLANG_WARN_UNREACHABLE_CODE = YES;
				CLANG_WARN__DUPLICATE_METHOD_MATCH = YES;
				"CODE_SIGN_IDENTITY[sdk=iphoneos*]" = "iPhone Developer";
				COPY_PHASE_STRIP = NO;
				DEBUG_INFORMATION_FORMAT = dwarf;
				ENABLE_STRICT_OBJC_MSGSEND = YES;
				ENABLE_TESTABILITY = YES;
				GCC_C_LANGUAGE_STANDARD = gnu99;
				GCC_DYNAMIC_NO_PIC = NO;
				GCC_NO_COMMON_BLOCKS = YES;
				GCC_OPTIMIZATION_LEVEL = 0;
				GCC_PREPROCESSOR_DEFINITIONS = (
					"DEBUG=1",
					"$(inherited)",
				);
				GCC_WARN_64_TO_32_BIT_CONVERSION = YES;
				GCC_WARN_ABOUT_RETURN_TYPE = YES_ERROR;
				GCC_WARN_UNDECLARED_SELECTOR = YES;
				GCC_WARN_UNINITIALIZED_AUTOS = YES_AGGRESSIVE;
				GCC_WARN_UNUSED_FUNCTION = YES;
				GCC_WARN_UNUSED_VARIABLE = YES;
				IPHONEOS_DEPLOYMENT_TARGET = 9.2;
				MTL_ENABLE_DEBUG_INFO = YES;
				ONLY_ACTIVE_ARCH = YES;
				SDKROOT = iphoneos;
			};
			name = Debug;
		};
		A0C543861CD9C3C900445744 /* Release */ = {
			isa = XCBuildConfiguration;
			buildSettings = {
				ALWAYS_SEARCH_USER_PATHS = NO;
				CLANG_CXX_LANGUAGE_STANDARD = "gnu++0x";
				CLANG_CXX_LIBRARY = "libc++";
				CLANG_ENABLE_MODULES = YES;
				CLANG_ENABLE_OBJC_ARC = YES;
				CLANG_WARN_BOOL_CONVERSION = YES;
				CLANG_WARN_CONSTANT_CONVERSION = YES;
				CLANG_WARN_DIRECT_OBJC_ISA_USAGE = YES_ERROR;
				CLANG_WARN_EMPTY_BODY = YES;
				CLANG_WARN_ENUM_CONVERSION = YES;
				CLANG_WARN_INT_CONVERSION = YES;
				CLANG_WARN_OBJC_ROOT_CLASS = YES_ERROR;
				CLANG_WARN_UNREACHABLE_CODE = YES;
				CLANG_WARN__DUPLICATE_METHOD_MATCH = YES;
				"CODE_SIGN_IDENTITY[sdk=iphoneos*]" = "iPhone Developer";
				COPY_PHASE_STRIP = NO;
				DEBUG_INFORMATION_FORMAT = "dwarf-with-dsym";
				ENABLE_NS_ASSERTIONS = NO;
				ENABLE_STRICT_OBJC_MSGSEND = YES;
				GCC_C_LANGUAGE_STANDARD = gnu99;
				GCC_NO_COMMON_BLOCKS = YES;
				GCC_WARN_64_TO_32_BIT_CONVERSION = YES;
				GCC_WARN_ABOUT_RETURN_TYPE = YES_ERROR;
				GCC_WARN_UNDECLARED_SELECTOR = YES;
				GCC_WARN_UNINITIALIZED_AUTOS = YES_AGGRESSIVE;
				GCC_WARN_UNUSED_FUNCTION = YES;
				GCC_WARN_UNUSED_VARIABLE = YES;
				IPHONEOS_DEPLOYMENT_TARGET = 9.2;
				MTL_ENABLE_DEBUG_INFO = NO;
				SDKROOT = iphoneos;
				VALIDATE_PRODUCT = YES;
			};
			name = Release;
		};
		A0C543881CD9C3C900445744 /* Debug */ = {
			isa = XCBuildConfiguration;
			baseConfigurationReference = 69EE40F8B5F9301B217E7759 /* Pods.debug.xcconfig */;
			buildSettings = {
				ASSETCATALOG_COMPILER_APPICON_NAME = AppIcon;
				INFOPLIST_FILE = "多图片选择框架的使用/Info.plist";
				LD_RUNPATH_SEARCH_PATHS = "$(inherited) @executable_path/Frameworks";
				PRODUCT_BUNDLE_IDENTIFIER = "com.ifeng.creditapp.----------";
				PRODUCT_NAME = "$(TARGET_NAME)";
			};
			name = Debug;
		};
		A0C543891CD9C3C900445744 /* Release */ = {
			isa = XCBuildConfiguration;
			baseConfigurationReference = 12EB198ACDDA7C5E4A90EE05 /* Pods.release.xcconfig */;
			buildSettings = {
				ASSETCATALOG_COMPILER_APPICON_NAME = AppIcon;
				INFOPLIST_FILE = "多图片选择框架的使用/Info.plist";
				LD_RUNPATH_SEARCH_PATHS = "$(inherited) @executable_path/Frameworks";
				PRODUCT_BUNDLE_IDENTIFIER = "com.ifeng.creditapp.----------";
				PRODUCT_NAME = "$(TARGET_NAME)";
			};
			name = Release;
		};
		A0C5438B1CD9C3C900445744 /* Debug */ = {
			isa = XCBuildConfiguration;
			buildSettings = {
				BUNDLE_LOADER = "$(TEST_HOST)";
				INFOPLIST_FILE = "多图片选择框架的使用Tests/Info.plist";
				LD_RUNPATH_SEARCH_PATHS = "$(inherited) @executable_path/Frameworks @loader_path/Frameworks";
				PRODUCT_BUNDLE_IDENTIFIER = "com.ifeng.creditapp.----------Tests";
				PRODUCT_NAME = "$(TARGET_NAME)";
				TEST_HOST = "$(BUILT_PRODUCTS_DIR)/多图片选择框架的使用.app/多图片选择框架的使用";
			};
			name = Debug;
		};
		A0C5438C1CD9C3C900445744 /* Release */ = {
			isa = XCBuildConfiguration;
			buildSettings = {
				BUNDLE_LOADER = "$(TEST_HOST)";
				INFOPLIST_FILE = "多图片选择框架的使用Tests/Info.plist";
				LD_RUNPATH_SEARCH_PATHS = "$(inherited) @executable_path/Frameworks @loader_path/Frameworks";
				PRODUCT_BUNDLE_IDENTIFIER = "com.ifeng.creditapp.----------Tests";
				PRODUCT_NAME = "$(TARGET_NAME)";
				TEST_HOST = "$(BUILT_PRODUCTS_DIR)/多图片选择框架的使用.app/多图片选择框架的使用";
			};
			name = Release;
		};
		A0C5438E1CD9C3C900445744 /* Debug */ = {
			isa = XCBuildConfiguration;
			buildSettings = {
				INFOPLIST_FILE = "多图片选择框架的使用UITests/Info.plist";
				LD_RUNPATH_SEARCH_PATHS = "$(inherited) @executable_path/Frameworks @loader_path/Frameworks";
				PRODUCT_BUNDLE_IDENTIFIER = "com.ifeng.creditapp.----------UITests";
				PRODUCT_NAME = "$(TARGET_NAME)";
				TEST_TARGET_NAME = "多图片选择框架的使用";
				USES_XCTRUNNER = YES;
			};
			name = Debug;
		};
		A0C5438F1CD9C3C900445744 /* Release */ = {
			isa = XCBuildConfiguration;
			buildSettings = {
				INFOPLIST_FILE = "多图片选择框架的使用UITests/Info.plist";
				LD_RUNPATH_SEARCH_PATHS = "$(inherited) @executable_path/Frameworks @loader_path/Frameworks";
				PRODUCT_BUNDLE_IDENTIFIER = "com.ifeng.creditapp.----------UITests";
				PRODUCT_NAME = "$(TARGET_NAME)";
				TEST_TARGET_NAME = "多图片选择框架的使用";
				USES_XCTRUNNER = YES;
			};
			name = Release;
		};
/* End XCBuildConfiguration section */

/* Begin XCConfigurationList section */
		A0C543551CD9C3C900445744 /* Build configuration list for PBXProject "多图片选择框架的使用" */ = {
			isa = XCConfigurationList;
			buildConfigurations = (
				A0C543851CD9C3C900445744 /* Debug */,
				A0C543861CD9C3C900445744 /* Release */,
			);
			defaultConfigurationIsVisible = 0;
			defaultConfigurationName = Release;
		};
		A0C543871CD9C3C900445744 /* Build configuration list for PBXNativeTarget "多图片选择框架的使用" */ = {
			isa = XCConfigurationList;
			buildConfigurations = (
				A0C543881CD9C3C900445744 /* Debug */,
				A0C543891CD9C3C900445744 /* Release */,
			);
			defaultConfigurationIsVisible = 0;
			defaultConfigurationName = Release;
		};
		A0C5438A1CD9C3C900445744 /* Build configuration list for PBXNativeTarget "多图片选择框架的使用Tests" */ = {
			isa = XCConfigurationList;
			buildConfigurations = (
				A0C5438B1CD9C3C900445744 /* Debug */,
				A0C5438C1CD9C3C900445744 /* Release */,
			);
			defaultConfigurationIsVisible = 0;
			defaultConfigurationName = Release;
		};
		A0C5438D1CD9C3C900445744 /* Build configuration list for PBXNativeTarget "多图片选择框架的使用UITests" */ = {
			isa = XCConfigurationList;
			buildConfigurations = (
				A0C5438E1CD9C3C900445744 /* Debug */,
				A0C5438F1CD9C3C900445744 /* Release */,
			);
			defaultConfigurationIsVisible = 0;
			defaultConfigurationName = Release;
		};
/* End XCConfigurationList section */
	};
	rootObject = A0C543521CD9C3C900445744 /* Project object */;
}
